
Microsoft Visual Studio Solution File, Format Version 12.00
# Visual Studio Version 16
VisualStudioVersion = 16.0.29609.76
MinimumVisualStudioVersion = 10.0.40219.1
Project("{FAE04EC0-301F-11D3-BF4B-00C04F79EFBC}") = "Casshan.Service", "Source\Service\Casshan.Service.csproj", "{BCC55F36-81F0-4189-B6AB-E1A3ECE82395}"
EndProject
Project("{FAE04EC0-301F-11D3-BF4B-00C04F79EFBC}") = "Casshan.Logging", "Source\Logging\Casshan.Logging.csproj", "{867C4819-9E9E-4E23-A24B-C519EE952DEB}"
EndProject
Global
	GlobalSection(SolutionConfigurationPlatforms) = preSolution
		Debug|Any CPU = Debug|Any CPU
		Release|Any CPU = Release|Any CPU
	EndGlobalSection
	GlobalSection(ProjectConfigurationPlatforms) = postSolution
		{BCC55F36-81F0-4189-B6AB-E1A3ECE82395}.Debug|Any CPU.ActiveCfg = Debug|Any CPU
		{BCC55F36-81F0-4189-B6AB-E1A3ECE82395}.Debug|Any CPU.Build.0 = Debug|Any CPU
		{BCC55F36-81F0-4189-B6AB-E1A3ECE82395}.Release|Any CPU.ActiveCfg = Release|Any CPU
		{BCC55F36-81F0-4189-B6AB-E1A3ECE82395}.Release|Any CPU.Build.0 = Release|Any CPU
		{867C4819-9E9E-4E23-A24B-C519EE952DEB}.Debug|Any CPU.ActiveCfg = Debug|Any CPU
		{867C4819-9E9E-4E23-A24B-C519EE952DEB}.Debug|Any CPU.Build.0 = Debug|Any CPU
		{867C4819-9E9E-4E23-A24B-C519EE952DEB}.Release|Any CPU.ActiveCfg = Release|Any CPU
		{867C4819-9E9E-4E23-A24B-C519EE952DEB}.Release|Any CPU.Build.0 = Release|Any CPU
	EndGlobalSection
	GlobalSection(SolutionProperties) = preSolution
		HideSolutionNode = FALSE
	EndGlobalSection
	GlobalSection(ExtensibilityGlobals) = postSolution
		SolutionGuid = {77D83FC0-C916-48BF-B3D1-11AFA10A43C0}
	EndGlobalSection
	GlobalSection(NestedProjects) = preSolution
	EndGlobalSection
EndGlobal
